
Microsoft Visual Studio Solution File, Format Version 12.00
# Visual Studio Version 17
VisualStudioVersion = 17.0.31919.166
MinimumVisualStudioVersion = 10.0.40219.1
Project("{FAE04EC0-301F-11D3-BF4B-00C04F79EFBC}") = "MIREA", "MIREA\MIREA.csproj", "{D758CA73-68FE-4077-B591-875DE3B87A29}"
EndProject
Global
	GlobalSection(SolutionConfigurationPlatforms) = preSolution
		Debug|Any CPU = Debug|Any CPU
		Release|Any CPU = Release|Any CPU
	EndGlobalSection
	GlobalSection(ProjectConfigurationPlatforms) = postSolution
		{D758CA73-68FE-4077-B591-875DE3B87A29}.Debug|Any CPU.ActiveCfg = Debug|Any CPU
		{D758CA73-68FE-4077-B591-875DE3B87A29}.Debug|Any CPU.Build.0 = Debug|Any CPU
		{D758CA73-68FE-4077-B591-875DE3B87A29}.Release|Any CPU.ActiveCfg = Release|Any CPU
		{D758CA73-68FE-4077-B591-875DE3B87A29}.Release|Any CPU.Build.0 = Release|Any CPU
	EndGlobalSection
	GlobalSection(SolutionProperties) = preSolution
		HideSolutionNode = FALSE
	EndGlobalSection
	GlobalSection(ExtensibilityGlobals) = postSolution
		SolutionGuid = {5ADCA459-5E56-4D97-BE7D-B8312E199A76}
	EndGlobalSection
EndGlobal
